
Microsoft Visual Studio Solution File, Format Version 12.00
# Visual Studio Version 17
VisualStudioVersion = 17.3.32811.315
MinimumVisualStudioVersion = 10.0.40219.1
Project("{9A19103F-16F7-4668-BE54-9A1E7A4F7556}") = "TreinamentoMarinho", "TreinamentoMarinho.csproj", "{EC765501-9BDF-4616-84BD-30B1C6C958D0}"
EndProject
Project("{FAE04EC0-301F-11D3-BF4B-00C04F79EFBC}") = "ApiProducts", "..\ApiProducts\ApiProducts.csproj", "{B96AC9E0-30E5-41D0-8114-CA6909888665}"
EndProject
Global
	GlobalSection(SolutionConfigurationPlatforms) = preSolution
		Debug|Any CPU = Debug|Any CPU
		Release|Any CPU = Release|Any CPU
	EndGlobalSection
	GlobalSection(ProjectConfigurationPlatforms) = postSolution
		{EC765501-9BDF-4616-84BD-30B1C6C958D0}.Debug|Any CPU.ActiveCfg = Debug|Any CPU
		{EC765501-9BDF-4616-84BD-30B1C6C958D0}.Debug|Any CPU.Build.0 = Debug|Any CPU
		{EC765501-9BDF-4616-84BD-30B1C6C958D0}.Release|Any CPU.ActiveCfg = Release|Any CPU
		{EC765501-9BDF-4616-84BD-30B1C6C958D0}.Release|Any CPU.Build.0 = Release|Any CPU
		{B96AC9E0-30E5-41D0-8114-CA6909888665}.Debug|Any CPU.ActiveCfg = Debug|Any CPU
		{B96AC9E0-30E5-41D0-8114-CA6909888665}.Debug|Any CPU.Build.0 = Debug|Any CPU
		{B96AC9E0-30E5-41D0-8114-CA6909888665}.Release|Any CPU.ActiveCfg = Release|Any CPU
		{B96AC9E0-30E5-41D0-8114-CA6909888665}.Release|Any CPU.Build.0 = Release|Any CPU
	EndGlobalSection
	GlobalSection(SolutionProperties) = preSolution
		HideSolutionNode = FALSE
	EndGlobalSection
	GlobalSection(ExtensibilityGlobals) = postSolution
		SolutionGuid = {8B41F2A8-8B0A-4F42-B8C5-B50170BB3E19}
	EndGlobalSection
EndGlobal
